
Microsoft Visual Studio Solution File, Format Version 12.00
# Visual Studio 15
VisualStudioVersion = 15.0.27428.2011
MinimumVisualStudioVersion = 10.0.40219.1
Project("{FAE04EC0-301F-11D3-BF4B-00C04F79EFBC}") = "Common", "Common\Common\Common.csproj", "{76A441C6-2AB6-4620-B2E8-A673B2FBEC7A}"
EndProject
Project("{FAE04EC0-301F-11D3-BF4B-00C04F79EFBC}") = "Producer", "Producer\Producer\Producer.csproj", "{12F9E0DE-87D1-46E7-A144-12811D66BD4C}"
EndProject
Project("{FAE04EC0-301F-11D3-BF4B-00C04F79EFBC}") = "Consumer", "Consumer\Consumer\Consumer.csproj", "{DD86315E-D617-4DE3-A1D0-49C621374652}"
EndProject
Global
	GlobalSection(SolutionConfigurationPlatforms) = preSolution
		Debug|Any CPU = Debug|Any CPU
		Release|Any CPU = Release|Any CPU
	EndGlobalSection
	GlobalSection(ProjectConfigurationPlatforms) = postSolution
		{76A441C6-2AB6-4620-B2E8-A673B2FBEC7A}.Debug|Any CPU.ActiveCfg = Debug|Any CPU
		{76A441C6-2AB6-4620-B2E8-A673B2FBEC7A}.Debug|Any CPU.Build.0 = Debug|Any CPU
		{76A441C6-2AB6-4620-B2E8-A673B2FBEC7A}.Release|Any CPU.ActiveCfg = Release|Any CPU
		{76A441C6-2AB6-4620-B2E8-A673B2FBEC7A}.Release|Any CPU.Build.0 = Release|Any CPU
		{12F9E0DE-87D1-46E7-A144-12811D66BD4C}.Debug|Any CPU.ActiveCfg = Debug|Any CPU
		{12F9E0DE-87D1-46E7-A144-12811D66BD4C}.Debug|Any CPU.Build.0 = Debug|Any CPU
		{12F9E0DE-87D1-46E7-A144-12811D66BD4C}.Release|Any CPU.ActiveCfg = Release|Any CPU
		{12F9E0DE-87D1-46E7-A144-12811D66BD4C}.Release|Any CPU.Build.0 = Release|Any CPU
		{DD86315E-D617-4DE3-A1D0-49C621374652}.Debug|Any CPU.ActiveCfg = Debug|Any CPU
		{DD86315E-D617-4DE3-A1D0-49C621374652}.Debug|Any CPU.Build.0 = Debug|Any CPU
		{DD86315E-D617-4DE3-A1D0-49C621374652}.Release|Any CPU.ActiveCfg = Release|Any CPU
		{DD86315E-D617-4DE3-A1D0-49C621374652}.Release|Any CPU.Build.0 = Release|Any CPU
	EndGlobalSection
	GlobalSection(SolutionProperties) = preSolution
		HideSolutionNode = FALSE
	EndGlobalSection
	GlobalSection(ExtensibilityGlobals) = postSolution
		SolutionGuid = {D2CD7D09-8C7D-4CD5-99C6-135A434A4242}
	EndGlobalSection
EndGlobal
